// !$*UTF8*$!
{
	archiveVersion = 1;
	classes = {
	};
	objectVersion = 46;
	objects = {

/* Begin PBXBuildFile section */
		7E472DD71754C7F500E1111F /* ESDbWrapperRefCountGuard.m in Sources */ = {isa = PBXBuildFile; fileRef = 7E472DD61754C7F500E1111F /* ESDbWrapperRefCountGuard.m */; };
		7E6A36C1160084F000F4CE84 /* Foundation.framework in Frameworks */ = {isa = PBXBuildFile; fileRef = 7E6A36C0160084F000F4CE84 /* Foundation.framework */; };
		7E6A36C6160084F000F4CE84 /* ESDatabaseWrapper.h in CopyFiles */ = {isa = PBXBuildFile; fileRef = 7E6A36C5160084F000F4CE84 /* ESDatabaseWrapper.h */; };
		7E6A37181600857200F4CE84 /* FMDatabase+SelectWrapper.m in Sources */ = {isa = PBXBuildFile; fileRef = 7E6A37171600857200F4CE84 /* FMDatabase+SelectWrapper.m */; };
		7E925037160088FD0071D2EC /* FMDatabase+ InsertWrapper.m in Sources */ = {isa = PBXBuildFile; fileRef = 7E925036160088FD0071D2EC /* FMDatabase+ InsertWrapper.m */; };
		7E92504316008D980071D2EC /* MockWriteableDb.m in Sources */ = {isa = PBXBuildFile; fileRef = 7E92504016008D980071D2EC /* MockWriteableDb.m */; };
		7E92504416008D980071D2EC /* MockReadableDb.m in Sources */ = {isa = PBXBuildFile; fileRef = 7E92504216008D980071D2EC /* MockReadableDb.m */; };
		7E925080160095690071D2EC /* SqliteTypes.m in Sources */ = {isa = PBXBuildFile; fileRef = 7E92507F160095690071D2EC /* SqliteTypes.m */; };
		7E9253101600CF100071D2EC /* NSString+Sqlite3Escape.m in Sources */ = {isa = PBXBuildFile; fileRef = 7E92530F1600CF0F0071D2EC /* NSString+Sqlite3Escape.m */; };
		7EBF41D416C3A27B001B531A /* FMDatabase+SelectWrapper_CPP.mm in Sources */ = {isa = PBXBuildFile; fileRef = 7EBF41D316C3A27B001B531A /* FMDatabase+SelectWrapper_CPP.mm */; };
/* End PBXBuildFile section */

/* Begin PBXCopyFilesBuildPhase section */
		7E6A36BB160084F000F4CE84 /* CopyFiles */ = {
			isa = PBXCopyFilesBuildPhase;
			buildActionMask = 2147483647;
			dstPath = "include/${PRODUCT_NAME}";
			dstSubfolderSpec = 16;
			files = (
				7E6A36C6160084F000F4CE84 /* ESDatabaseWrapper.h in CopyFiles */,
			);
			runOnlyForDeploymentPostprocessing = 0;
		};
/* End PBXCopyFilesBuildPhase section */

/* Begin PBXFileReference section */
		7E472DD51754C7F500E1111F /* ESDbWrapperRefCountGuard.h */ = {isa = PBXFileReference; fileEncoding = 4; lastKnownFileType = sourcecode.c.h; path = ESDbWrapperRefCountGuard.h; sourceTree = "<group>"; };
		7E472DD61754C7F500E1111F /* ESDbWrapperRefCountGuard.m */ = {isa = PBXFileReference; fileEncoding = 4; lastKnownFileType = sourcecode.c.objc; path = ESDbWrapperRefCountGuard.m; sourceTree = "<group>"; };
		7E6A36BD160084F000F4CE84 /* libESDatabaseWrapper.a */ = {isa = PBXFileReference; explicitFileType = archive.ar; includeInIndex = 0; path = libESDatabaseWrapper.a; sourceTree = BUILT_PRODUCTS_DIR; };
		7E6A36C0160084F000F4CE84 /* Foundation.framework */ = {isa = PBXFileReference; lastKnownFileType = wrapper.framework; name = Foundation.framework; path = System/Library/Frameworks/Foundation.framework; sourceTree = SDKROOT; };
		7E6A36C4160084F000F4CE84 /* ESDatabaseWrapper-Prefix.pch */ = {isa = PBXFileReference; lastKnownFileType = sourcecode.c.h; path = "ESDatabaseWrapper-Prefix.pch"; sourceTree = "<group>"; };
		7E6A36C5160084F000F4CE84 /* ESDatabaseWrapper.h */ = {isa = PBXFileReference; lastKnownFileType = sourcecode.c.h; path = ESDatabaseWrapper.h; sourceTree = "<group>"; };
		7E6A37141600857200F4CE84 /* ESQueriedSet.h */ = {isa = PBXFileReference; fileEncoding = 4; lastKnownFileType = sourcecode.c.h; path = ESQueriedSet.h; sourceTree = "<group>"; };
		7E6A37151600857200F4CE84 /* ESReadOnlyDbWrapper.h */ = {isa = PBXFileReference; fileEncoding = 4; lastKnownFileType = sourcecode.c.h; path = ESReadOnlyDbWrapper.h; sourceTree = "<group>"; };
		7E6A37161600857200F4CE84 /* FMDatabase+SelectWrapper.h */ = {isa = PBXFileReference; fileEncoding = 4; lastKnownFileType = sourcecode.c.h; path = "FMDatabase+SelectWrapper.h"; sourceTree = "<group>"; };
		7E6A37171600857200F4CE84 /* FMDatabase+SelectWrapper.m */ = {isa = PBXFileReference; fileEncoding = 4; lastKnownFileType = sourcecode.c.objc; path = "FMDatabase+SelectWrapper.m"; sourceTree = "<group>"; };
		7E925034160088C80071D2EC /* ESWritableDbWrapper.h */ = {isa = PBXFileReference; fileEncoding = 4; lastKnownFileType = sourcecode.c.h; path = ESWritableDbWrapper.h; sourceTree = "<group>"; };
		7E925035160088FD0071D2EC /* FMDatabase+InsertWrapper.h */ = {isa = PBXFileReference; fileEncoding = 4; lastKnownFileType = sourcecode.c.h; path = "FMDatabase+InsertWrapper.h"; sourceTree = "<group>"; };
		7E925036160088FD0071D2EC /* FMDatabase+ InsertWrapper.m */ = {isa = PBXFileReference; fileEncoding = 4; lastKnownFileType = sourcecode.c.objc; path = "FMDatabase+ InsertWrapper.m"; sourceTree = "<group>"; };
		7E92503F16008D980071D2EC /* MockWriteableDb.h */ = {isa = PBXFileReference; fileEncoding = 4; lastKnownFileType = sourcecode.c.h; path = MockWriteableDb.h; sourceTree = "<group>"; };
		7E92504016008D980071D2EC /* MockWriteableDb.m */ = {isa = PBXFileReference; fileEncoding = 4; lastKnownFileType = sourcecode.c.objc; path = MockWriteableDb.m; sourceTree = "<group>"; };
		7E92504116008D980071D2EC /* MockReadableDb.h */ = {isa = PBXFileReference; fileEncoding = 4; lastKnownFileType = sourcecode.c.h; path = MockReadableDb.h; sourceTree = "<group>"; };
		7E92504216008D980071D2EC /* MockReadableDb.m */ = {isa = PBXFileReference; fileEncoding = 4; lastKnownFileType = sourcecode.c.objc; path = MockReadableDb.m; sourceTree = "<group>"; };
		7E92507E160095690071D2EC /* SqliteTypes.h */ = {isa = PBXFileReference; fileEncoding = 4; lastKnownFileType = sourcecode.c.h; path = SqliteTypes.h; sourceTree = "<group>"; };
		7E92507F160095690071D2EC /* SqliteTypes.m */ = {isa = PBXFileReference; fileEncoding = 4; lastKnownFileType = sourcecode.c.objc; path = SqliteTypes.m; sourceTree = "<group>"; };
		7E92510316009E0E0071D2EC /* ESRwDbWrapper.h */ = {isa = PBXFileReference; fileEncoding = 4; lastKnownFileType = sourcecode.c.h; path = ESRwDbWrapper.h; sourceTree = "<group>"; };
		7E92530E1600CF0F0071D2EC /* NSString+Sqlite3Escape.h */ = {isa = PBXFileReference; fileEncoding = 4; lastKnownFileType = sourcecode.c.h; path = "NSString+Sqlite3Escape.h"; sourceTree = "<group>"; };
		7E92530F1600CF0F0071D2EC /* NSString+Sqlite3Escape.m */ = {isa = PBXFileReference; fileEncoding = 4; lastKnownFileType = sourcecode.c.objc; path = "NSString+Sqlite3Escape.m"; sourceTree = "<group>"; };
		7EBF41BA16C39DC1001B531A /* ESReadOnlyDbWrapper_Cpp.h */ = {isa = PBXFileReference; lastKnownFileType = sourcecode.c.h; path = ESReadOnlyDbWrapper_Cpp.h; sourceTree = "<group>"; };
		7EBF41D216C3A27B001B531A /* FMDatabase+SelectWrapper_CPP.h */ = {isa = PBXFileReference; fileEncoding = 4; lastKnownFileType = sourcecode.c.h; path = "FMDatabase+SelectWrapper_CPP.h"; sourceTree = "<group>"; };
		7EBF41D316C3A27B001B531A /* FMDatabase+SelectWrapper_CPP.mm */ = {isa = PBXFileReference; fileEncoding = 4; lastKnownFileType = sourcecode.cpp.objcpp; path = "FMDatabase+SelectWrapper_CPP.mm"; sourceTree = "<group>"; };
/* End PBXFileReference section */

/* Begin PBXFrameworksBuildPhase section */
		7E6A36BA160084F000F4CE84 /* Frameworks */ = {
			isa = PBXFrameworksBuildPhase;
			buildActionMask = 2147483647;
			files = (
				7E6A36C1160084F000F4CE84 /* Foundation.framework in Frameworks */,
			);
			runOnlyForDeploymentPostprocessing = 0;
		};
/* End PBXFrameworksBuildPhase section */

/* Begin PBXGroup section */
		7E6A36B2160084F000F4CE84 = {
			isa = PBXGroup;
			children = (
				7E6A36C2160084F000F4CE84 /* ESDatabaseWrapper */,
				7E6A36BF160084F000F4CE84 /* Frameworks */,
				7E6A36BE160084F000F4CE84 /* Products */,
			);
			sourceTree = "<group>";
		};
		7E6A36BE160084F000F4CE84 /* Products */ = {
			isa = PBXGroup;
			children = (
				7E6A36BD160084F000F4CE84 /* libESDatabaseWrapper.a */,
			);
			name = Products;
			sourceTree = "<group>";
		};
		7E6A36BF160084F000F4CE84 /* Frameworks */ = {
			isa = PBXGroup;
			children = (
				7E6A36C0160084F000F4CE84 /* Foundation.framework */,
			);
			name = Frameworks;
			sourceTree = "<group>";
		};
		7E6A36C2160084F000F4CE84 /* ESDatabaseWrapper */ = {
			isa = PBXGroup;
			children = (
				7E6A36C3160084F000F4CE84 /* Supporting Files */,
				7E6A37141600857200F4CE84 /* ESQueriedSet.h */,
				7E6A37151600857200F4CE84 /* ESReadOnlyDbWrapper.h */,
				7EBF41BA16C39DC1001B531A /* ESReadOnlyDbWrapper_Cpp.h */,
				7E925034160088C80071D2EC /* ESWritableDbWrapper.h */,
				7E92510316009E0E0071D2EC /* ESRwDbWrapper.h */,
				7E925035160088FD0071D2EC /* FMDatabase+InsertWrapper.h */,
				7E925036160088FD0071D2EC /* FMDatabase+ InsertWrapper.m */,
				7E6A37161600857200F4CE84 /* FMDatabase+SelectWrapper.h */,
				7E6A37171600857200F4CE84 /* FMDatabase+SelectWrapper.m */,
				7EBF41D216C3A27B001B531A /* FMDatabase+SelectWrapper_CPP.h */,
				7EBF41D316C3A27B001B531A /* FMDatabase+SelectWrapper_CPP.mm */,
				7E92530E1600CF0F0071D2EC /* NSString+Sqlite3Escape.h */,
				7E92530F1600CF0F0071D2EC /* NSString+Sqlite3Escape.m */,
				7E92507E160095690071D2EC /* SqliteTypes.h */,
				7E92507F160095690071D2EC /* SqliteTypes.m */,
				7E472DD51754C7F500E1111F /* ESDbWrapperRefCountGuard.h */,
				7E472DD61754C7F500E1111F /* ESDbWrapperRefCountGuard.m */,
				7E92503E16008D980071D2EC /* Mock */,
				7E6A36C5160084F000F4CE84 /* ESDatabaseWrapper.h */,
			);
			path = ESDatabaseWrapper;
			sourceTree = "<group>";
		};
		7E6A36C3160084F000F4CE84 /* Supporting Files */ = {
			isa = PBXGroup;
			children = (
				7E6A36C4160084F000F4CE84 /* ESDatabaseWrapper-Prefix.pch */,
			);
			name = "Supporting Files";
			sourceTree = "<group>";
		};
		7E92503E16008D980071D2EC /* Mock */ = {
			isa = PBXGroup;
			children = (
				7E92503F16008D980071D2EC /* MockWriteableDb.h */,
				7E92504016008D980071D2EC /* MockWriteableDb.m */,
				7E92504116008D980071D2EC /* MockReadableDb.h */,
				7E92504216008D980071D2EC /* MockReadableDb.m */,
			);
			path = Mock;
			sourceTree = "<group>";
		};
/* End PBXGroup section */

/* Begin PBXNativeTarget section */
		7E6A36BC160084F000F4CE84 /* ESDatabaseWrapper */ = {
			isa = PBXNativeTarget;
			buildConfigurationList = 7E6A36CB160084F000F4CE84 /* Build configuration list for PBXNativeTarget "ESDatabaseWrapper" */;
			buildPhases = (
				7E6A36B9160084F000F4CE84 /* Sources */,
				7E6A36BA160084F000F4CE84 /* Frameworks */,
				7E6A36BB160084F000F4CE84 /* CopyFiles */,
			);
			buildRules = (
			);
			dependencies = (
			);
			name = ESDatabaseWrapper;
			productName = ESDatabaseWrapper;
			productReference = 7E6A36BD160084F000F4CE84 /* libESDatabaseWrapper.a */;
			productType = "com.apple.product-type.library.static";
		};
/* End PBXNativeTarget section */

/* Begin PBXProject section */
		7E6A36B4160084F000F4CE84 /* Project object */ = {
			isa = PBXProject;
			attributes = {
				LastUpgradeCheck = 0460;
				ORGANIZATIONNAME = EmbeddedSources;
			};
			buildConfigurationList = 7E6A36B7160084F000F4CE84 /* Build configuration list for PBXProject "ESDatabaseWrapper" */;
			compatibilityVersion = "Xcode 3.2";
			developmentRegion = English;
			hasScannedForEncodings = 0;
			knownRegions = (
				en,
			);
			mainGroup = 7E6A36B2160084F000F4CE84;
			productRefGroup = 7E6A36BE160084F000F4CE84 /* Products */;
			projectDirPath = "";
			projectRoot = "";
			targets = (
				7E6A36BC160084F000F4CE84 /* ESDatabaseWrapper */,
			);
		};
/* End PBXProject section */

/* Begin PBXSourcesBuildPhase section */
		7E6A36B9160084F000F4CE84 /* Sources */ = {
			isa = PBXSourcesBuildPhase;
			buildActionMask = 2147483647;
			files = (
				7E6A37181600857200F4CE84 /* FMDatabase+SelectWrapper.m in Sources */,
				7E925037160088FD0071D2EC /* FMDatabase+ InsertWrapper.m in Sources */,
				7E92504316008D980071D2EC /* MockWriteableDb.m in Sources */,
				7E92504416008D980071D2EC /* MockReadableDb.m in Sources */,
				7E925080160095690071D2EC /* SqliteTypes.m in Sources */,
				7E9253101600CF100071D2EC /* NSString+Sqlite3Escape.m in Sources */,
				7EBF41D416C3A27B001B531A /* FMDatabase+SelectWrapper_CPP.mm in Sources */,
				7E472DD71754C7F500E1111F /* ESDbWrapperRefCountGuard.m in Sources */,
			);
			runOnlyForDeploymentPostprocessing = 0;
		};
/* End PBXSourcesBuildPhase section */

/* Begin XCBuildConfiguration section */
		7E6A36C9160084F000F4CE84 /* Debug */ = {
			isa = XCBuildConfiguration;
			buildSettings = {
				ALWAYS_SEARCH_USER_PATHS = NO;
				ARCHS = "$(ARCHS_STANDARD_32_BIT)";
				CLANG_CXX_LANGUAGE_STANDARD = "gnu++0x";
				CLANG_ENABLE_OBJC_ARC = YES;
				CLANG_WARN_IMPLICIT_SIGN_CONVERSION = YES;
				CLANG_WARN_OBJC_IMPLICIT_ATOMIC_PROPERTIES = YES;
				CLANG_WARN_OBJC_MISSING_PROPERTY_SYNTHESIS = YES;
				CLANG_WARN_OBJC_RECEIVER_WEAK = YES;
				CLANG_WARN_SUSPICIOUS_IMPLICIT_CONVERSION = YES;
				CLANG_WARN__DUPLICATE_METHOD_MATCH = YES;
				COPY_PHASE_STRIP = NO;
				GCC_C_LANGUAGE_STANDARD = gnu99;
				GCC_DYNAMIC_NO_PIC = NO;
				GCC_OPTIMIZATION_LEVEL = 0;
				GCC_PREPROCESSOR_DEFINITIONS = (
					"DEBUG=1",
					"$(inherited)",
				);
				GCC_SYMBOLS_PRIVATE_EXTERN = NO;
				GCC_TREAT_WARNINGS_AS_ERRORS = YES;
				GCC_VERSION = com.apple.compilers.llvm.clang.1_0;
				GCC_WARN_64_TO_32_BIT_CONVERSION = YES;
				GCC_WARN_ABOUT_MISSING_NEWLINE = YES;
				GCC_WARN_ABOUT_RETURN_TYPE = YES;
				GCC_WARN_FOUR_CHARACTER_CONSTANTS = YES;
				GCC_WARN_SIGN_COMPARE = YES;
				GCC_WARN_UNINITIALIZED_AUTOS = YES;
				GCC_WARN_UNUSED_VARIABLE = YES;
				HEADER_SEARCH_PATHS = (
					../fmdb/src,
					.,
				);
				IPHONEOS_DEPLOYMENT_TARGET = 5.1;
				SDKROOT = iphoneos;
			};
			name = Debug;
		};
		7E6A36CA160084F000F4CE84 /* Release */ = {
			isa = XCBuildConfiguration;
			buildSettings = {
				ALWAYS_SEARCH_USER_PATHS = NO;
				ARCHS = "$(ARCHS_STANDARD_32_BIT)";
				CLANG_CXX_LANGUAGE_STANDARD = "gnu++0x";
				CLANG_ENABLE_OBJC_ARC = YES;
				CLANG_WARN_IMPLICIT_SIGN_CONVERSION = YES;
				CLANG_WARN_OBJC_IMPLICIT_ATOMIC_PROPERTIES = YES;
				CLANG_WARN_OBJC_MISSING_PROPERTY_SYNTHESIS = YES;
				CLANG_WARN_OBJC_RECEIVER_WEAK = YES;
				CLANG_WARN_SUSPICIOUS_IMPLICIT_CONVERSION = YES;
				CLANG_WARN__DUPLICATE_METHOD_MATCH = YES;
				COPY_PHASE_STRIP = YES;
				GCC_C_LANGUAGE_STANDARD = gnu99;
				GCC_TREAT_WARNINGS_AS_ERRORS = YES;
				GCC_VERSION = com.apple.compilers.llvm.clang.1_0;
				GCC_WARN_64_TO_32_BIT_CONVERSION = YES;
				GCC_WARN_ABOUT_MISSING_NEWLINE = YES;
				GCC_WARN_ABOUT_RETURN_TYPE = YES;
				GCC_WARN_FOUR_CHARACTER_CONSTANTS = YES;
				GCC_WARN_SIGN_COMPARE = YES;
				GCC_WARN_UNINITIALIZED_AUTOS = YES;
				GCC_WARN_UNUSED_VARIABLE = YES;
				HEADER_SEARCH_PATHS = (
					../fmdb/src,
					.,
				);
				IPHONEOS_DEPLOYMENT_TARGET = 5.1;
				SDKROOT = iphoneos;
				VALIDATE_PRODUCT = YES;
			};
			name = Release;
		};
		7E6A36CC160084F000F4CE84 /* Debug */ = {
			isa = XCBuildConfiguration;
			buildSettings = {
				DSTROOT = /tmp/ESDatabaseWrapper.dst;
				GCC_PRECOMPILE_PREFIX_HEADER = YES;
				GCC_PREFIX_HEADER = "ESDatabaseWrapper/ESDatabaseWrapper-Prefix.pch";
				OTHER_LDFLAGS = "-ObjC";
				PRODUCT_NAME = "$(TARGET_NAME)";
				SKIP_INSTALL = YES;
			};
			name = Debug;
		};
		7E6A36CD160084F000F4CE84 /* Release */ = {
			isa = XCBuildConfiguration;
			buildSettings = {
				DSTROOT = /tmp/ESDatabaseWrapper.dst;
				GCC_PRECOMPILE_PREFIX_HEADER = YES;
				GCC_PREFIX_HEADER = "ESDatabaseWrapper/ESDatabaseWrapper-Prefix.pch";
				OTHER_LDFLAGS = "-ObjC";
				PRODUCT_NAME = "$(TARGET_NAME)";
				SKIP_INSTALL = YES;
			};
			name = Release;
		};
/* End XCBuildConfiguration section */

/* Begin XCConfigurationList section */
		7E6A36B7160084F000F4CE84 /* Build configuration list for PBXProject "ESDatabaseWrapper" */ = {
			isa = XCConfigurationList;
			buildConfigurations = (
				7E6A36C9160084F000F4CE84 /* Debug */,
				7E6A36CA160084F000F4CE84 /* Release */,
			);
			defaultConfigurationIsVisible = 0;
			defaultConfigurationName = Release;
		};
		7E6A36CB160084F000F4CE84 /* Build configuration list for PBXNativeTarget "ESDatabaseWrapper" */ = {
			isa = XCConfigurationList;
			buildConfigurations = (
				7E6A36CC160084F000F4CE84 /* Debug */,
				7E6A36CD160084F000F4CE84 /* Release */,
			);
			defaultConfigurationIsVisible = 0;
			defaultConfigurationName = Release;
		};
/* End XCConfigurationList section */
	};
	rootObject = 7E6A36B4160084F000F4CE84 /* Project object */;
}
